// !$*UTF8*$!
{
	archiveVersion = 1;
	classes = {
	};
	objectVersion = 56;
	objects = {

/* Begin PBXBuildFile section */
		05278BE62A96F8C40066AB89 /* ModelData.swift in Sources */ = {isa = PBXBuildFile; fileRef = 05278BE52A96F8C40066AB89 /* ModelData.swift */; };
		05278BEB2A96FACE0066AB89 /* landmarkData.json in Resources */ = {isa = PBXBuildFile; fileRef = 05278BEA2A96FACE0066AB89 /* landmarkData.json */; };
		05278BED2A96FB150066AB89 /* MapView.swift in Sources */ = {isa = PBXBuildFile; fileRef = 05278BEC2A96FB150066AB89 /* MapView.swift */; };
		05278BEF2A96FB5F0066AB89 /* CircleImage.swift in Sources */ = {isa = PBXBuildFile; fileRef = 05278BEE2A96FB5F0066AB89 /* CircleImage.swift */; };
		05278BF12A96FC320066AB89 /* LandmarkRow.swift in Sources */ = {isa = PBXBuildFile; fileRef = 05278BF02A96FC320066AB89 /* LandmarkRow.swift */; };
		05278BF32A96FF730066AB89 /* Landmark.swift in Sources */ = {isa = PBXBuildFile; fileRef = 05278BF22A96FF730066AB89 /* Landmark.swift */; };
		055526412A905EC90061F5F1 /* L1_DemoApp.swift in Sources */ = {isa = PBXBuildFile; fileRef = 055526402A905EC90061F5F1 /* L1_DemoApp.swift */; };
		055526432A905EC90061F5F1 /* ContentView.swift in Sources */ = {isa = PBXBuildFile; fileRef = 055526422A905EC90061F5F1 /* ContentView.swift */; };
		055526452A905ECB0061F5F1 /* Assets.xcassets in Resources */ = {isa = PBXBuildFile; fileRef = 055526442A905ECB0061F5F1 /* Assets.xcassets */; };
		055526482A905ECB0061F5F1 /* Preview Assets.xcassets in Resources */ = {isa = PBXBuildFile; fileRef = 055526472A905ECB0061F5F1 /* Preview Assets.xcassets */; };
		05A365B22A984F9A002F53EE /* LandmarkList.swift in Sources */ = {isa = PBXBuildFile; fileRef = 05A365B12A984F9A002F53EE /* LandmarkList.swift */; };
		05A365B42A985090002F53EE /* LandmarkDetail.swift in Sources */ = {isa = PBXBuildFile; fileRef = 05A365B32A985090002F53EE /* LandmarkDetail.swift */; };
/* End PBXBuildFile section */

/* Begin PBXFileReference section */
		05278BE52A96F8C40066AB89 /* ModelData.swift */ = {isa = PBXFileReference; lastKnownFileType = sourcecode.swift; path = ModelData.swift; sourceTree = "<group>"; };
		05278BEA2A96FACE0066AB89 /* landmarkData.json */ = {isa = PBXFileReference; fileEncoding = 4; lastKnownFileType = text.json; name = landmarkData.json; path = ../../../../../../Downloads/BuildingListsAndNavigation/Resources/landmarkData.json; sourceTree = "<group>"; };
		05278BEC2A96FB150066AB89 /* MapView.swift */ = {isa = PBXFileReference; lastKnownFileType = sourcecode.swift; path = MapView.swift; sourceTree = "<group>"; };
		05278BEE2A96FB5F0066AB89 /* CircleImage.swift */ = {isa = PBXFileReference; lastKnownFileType = sourcecode.swift; path = CircleImage.swift; sourceTree = "<group>"; };
		05278BF02A96FC320066AB89 /* LandmarkRow.swift */ = {isa = PBXFileReference; lastKnownFileType = sourcecode.swift; path = LandmarkRow.swift; sourceTree = "<group>"; };
		05278BF22A96FF730066AB89 /* Landmark.swift */ = {isa = PBXFileReference; lastKnownFileType = sourcecode.swift; path = Landmark.swift; sourceTree = "<group>"; };
		0555263D2A905EC90061F5F1 /* L1 Demo.app */ = {isa = PBXFileReference; explicitFileType = wrapper.application; includeInIndex = 0; path = "L1 Demo.app"; sourceTree = BUILT_PRODUCTS_DIR; };
		055526402A905EC90061F5F1 /* L1_DemoApp.swift */ = {isa = PBXFileReference; lastKnownFileType = sourcecode.swift; path = L1_DemoApp.swift; sourceTree = "<group>"; };
		055526422A905EC90061F5F1 /* ContentView.swift */ = {isa = PBXFileReference; lastKnownFileType = sourcecode.swift; path = ContentView.swift; sourceTree = "<group>"; };
		055526442A905ECB0061F5F1 /* Assets.xcassets */ = {isa = PBXFileReference; lastKnownFileType = folder.assetcatalog; path = Assets.xcassets; sourceTree = "<group>"; };
		055526472A905ECB0061F5F1 /* Preview Assets.xcassets */ = {isa = PBXFileReference; lastKnownFileType = folder.assetcatalog; path = "Preview Assets.xcassets"; sourceTree = "<group>"; };
		05A365B12A984F9A002F53EE /* LandmarkList.swift */ = {isa = PBXFileReference; lastKnownFileType = sourcecode.swift; path = LandmarkList.swift; sourceTree = "<group>"; };
		05A365B32A985090002F53EE /* LandmarkDetail.swift */ = {isa = PBXFileReference; lastKnownFileType = sourcecode.swift; path = LandmarkDetail.swift; sourceTree = "<group>"; };
/* End PBXFileReference section */

/* Begin PBXFrameworksBuildPhase section */
		0555263A2A905EC90061F5F1 /* Frameworks */ = {
			isa = PBXFrameworksBuildPhase;
			buildActionMask = 2147483647;
			files = (
			);
			runOnlyForDeploymentPostprocessing = 0;
		};
/* End PBXFrameworksBuildPhase section */

/* Begin PBXGroup section */
		05278BE72A96FA580066AB89 /* Views */ = {
			isa = PBXGroup;
			children = (
				055526422A905EC90061F5F1 /* ContentView.swift */,
				05278BEC2A96FB150066AB89 /* MapView.swift */,
				05278BEE2A96FB5F0066AB89 /* CircleImage.swift */,
				05278BF02A96FC320066AB89 /* LandmarkRow.swift */,
				05A365B12A984F9A002F53EE /* LandmarkList.swift */,
				05A365B32A985090002F53EE /* LandmarkDetail.swift */,
			);
			path = Views;
			sourceTree = "<group>";
		};
		05278BE82A96FA690066AB89 /* Model */ = {
			isa = PBXGroup;
			children = (
				05278BE52A96F8C40066AB89 /* ModelData.swift */,
				05278BF22A96FF730066AB89 /* Landmark.swift */,
			);
			path = Model;
			sourceTree = "<group>";
		};
		05278BE92A96FA9C0066AB89 /* Resources */ = {
			isa = PBXGroup;
			children = (
				05278BEA2A96FACE0066AB89 /* landmarkData.json */,
			);
			path = Resources;
			sourceTree = "<group>";
		};
		055526342A905EC90061F5F1 = {
			isa = PBXGroup;
			children = (
				0555263F2A905EC90061F5F1 /* L1 Demo */,
				0555263E2A905EC90061F5F1 /* Products */,
			);
			sourceTree = "<group>";
		};
		0555263E2A905EC90061F5F1 /* Products */ = {
			isa = PBXGroup;
			children = (
				0555263D2A905EC90061F5F1 /* L1 Demo.app */,
			);
			name = Products;
			sourceTree = "<group>";
		};
		0555263F2A905EC90061F5F1 /* L1 Demo */ = {
			isa = PBXGroup;
			children = (
				05278BE92A96FA9C0066AB89 /* Resources */,
				05278BE82A96FA690066AB89 /* Model */,
				05278BE72A96FA580066AB89 /* Views */,
				055526402A905EC90061F5F1 /* L1_DemoApp.swift */,
				055526442A905ECB0061F5F1 /* Assets.xcassets */,
				055526462A905ECB0061F5F1 /* Preview Content */,
			);
			path = "L1 Demo";
			sourceTree = "<group>";
		};
		055526462A905ECB0061F5F1 /* Preview Content */ = {
			isa = PBXGroup;
			children = (
				055526472A905ECB0061F5F1 /* Preview Assets.xcassets */,
			);
			path = "Preview Content";
			sourceTree = "<group>";
		};
/* End PBXGroup section */

/* Begin PBXNativeTarget section */
		0555263C2A905EC90061F5F1 /* L1 Demo */ = {
			isa = PBXNativeTarget;
			buildConfigurationList = 0555264B2A905ECB0061F5F1 /* Build configuration list for PBXNativeTarget "L1 Demo" */;
			buildPhases = (
				055526392A905EC90061F5F1 /* Sources */,
				0555263A2A905EC90061F5F1 /* Frameworks */,
				0555263B2A905EC90061F5F1 /* Resources */,
			);
			buildRules = (
			);
			dependencies = (
			);
			name = "L1 Demo";
			productName = "L1 Demo";
			productReference = 0555263D2A905EC90061F5F1 /* L1 Demo.app */;
			productType = "com.apple.product-type.application";
		};
/* End PBXNativeTarget section */

/* Begin PBXProject section */
		055526352A905EC90061F5F1 /* Project object */ = {
			isa = PBXProject;
			attributes = {
				BuildIndependentTargetsInParallel = 1;
				LastSwiftUpdateCheck = 1430;
				LastUpgradeCheck = 1430;
				TargetAttributes = {
					0555263C2A905EC90061F5F1 = {
						CreatedOnToolsVersion = 14.3;
					};
				};
			};
			buildConfigurationList = 055526382A905EC90061F5F1 /* Build configuration list for PBXProject "L1 Demo" */;
			compatibilityVersion = "Xcode 14.0";
			developmentRegion = en;
			hasScannedForEncodings = 0;
			knownRegions = (
				en,
				Base,
			);
			mainGroup = 055526342A905EC90061F5F1;
			productRefGroup = 0555263E2A905EC90061F5F1 /* Products */;
			projectDirPath = "";
			projectRoot = "";
			targets = (
				0555263C2A905EC90061F5F1 /* L1 Demo */,
			);
		};
/* End PBXProject section */

/* Begin PBXResourcesBuildPhase section */
		0555263B2A905EC90061F5F1 /* Resources */ = {
			isa = PBXResourcesBuildPhase;
			buildActionMask = 2147483647;
			files = (
				055526482A905ECB0061F5F1 /* Preview Assets.xcassets in Resources */,
				055526452A905ECB0061F5F1 /* Assets.xcassets in Resources */,
				05278BEB2A96FACE0066AB89 /* landmarkData.json in Resources */,
			);
			runOnlyForDeploymentPostprocessing = 0;
		};
/* End PBXResourcesBuildPhase section */

/* Begin PBXSourcesBuildPhase section */
		055526392A905EC90061F5F1 /* Sources */ = {
			isa = PBXSourcesBuildPhase;
			buildActionMask = 2147483647;
			files = (
				05278BF32A96FF730066AB89 /* Landmark.swift in Sources */,
				055526432A905EC90061F5F1 /* ContentView.swift in Sources */,
				05278BED2A96FB150066AB89 /* MapView.swift in Sources */,
				05A365B22A984F9A002F53EE /* LandmarkList.swift in Sources */,
				05A365B42A985090002F53EE /* LandmarkDetail.swift in Sources */,
				05278BF12A96FC320066AB89 /* LandmarkRow.swift in Sources */,
				055526412A905EC90061F5F1 /* L1_DemoApp.swift in Sources */,
				05278BE62A96F8C40066AB89 /* ModelData.swift in Sources */,
				05278BEF2A96FB5F0066AB89 /* CircleImage.swift in Sources */,
			);
			runOnlyForDeploymentPostprocessing = 0;
		};
/* End PBXSourcesBuildPhase section */

/* Begin XCBuildConfiguration section */
		055526492A905ECB0061F5F1 /* Debug */ = {
			isa = XCBuildConfiguration;
			buildSettings = {
				ALWAYS_SEARCH_USER_PATHS = NO;
				CLANG_ANALYZER_NONNULL = YES;
				CLANG_ANALYZER_NUMBER_OBJECT_CONVERSION = YES_AGGRESSIVE;
				CLANG_CXX_LANGUAGE_STANDARD = "gnu++20";
				CLANG_ENABLE_MODULES = YES;
				CLANG_ENABLE_OBJC_ARC = YES;
				CLANG_ENABLE_OBJC_WEAK = YES;
				CLANG_WARN_BLOCK_CAPTURE_AUTORELEASING = YES;
				CLANG_WARN_BOOL_CONVERSION = YES;
				CLANG_WARN_COMMA = YES;
				CLANG_WARN_CONSTANT_CONVERSION = YES;
				CLANG_WARN_DEPRECATED_OBJC_IMPLEMENTATIONS = YES;
				CLANG_WARN_DIRECT_OBJC_ISA_USAGE = YES_ERROR;
				CLANG_WARN_DOCUMENTATION_COMMENTS = YES;
				CLANG_WARN_EMPTY_BODY = YES;
				CLANG_WARN_ENUM_CONVERSION = YES;
				CLANG_WARN_INFINITE_RECURSION = YES;
				CLANG_WARN_INT_CONVERSION = YES;
				CLANG_WARN_NON_LITERAL_NULL_CONVERSION = YES;
				CLANG_WARN_OBJC_IMPLICIT_RETAIN_SELF = YES;
				CLANG_WARN_OBJC_LITERAL_CONVERSION = YES;
				CLANG_WARN_OBJC_ROOT_CLASS = YES_ERROR;
				CLANG_WARN_QUOTED_INCLUDE_IN_FRAMEWORK_HEADER = YES;
				CLANG_WARN_RANGE_LOOP_ANALYSIS = YES;
				CLANG_WARN_STRICT_PROTOTYPES = YES;
				CLANG_WARN_SUSPICIOUS_MOVE = YES;
				CLANG_WARN_UNGUARDED_AVAILABILITY = YES_AGGRESSIVE;
				CLANG_WARN_UNREACHABLE_CODE = YES;
				CLANG_WARN__DUPLICATE_METHOD_MATCH = YES;
				COPY_PHASE_STRIP = NO;
				DEBUG_INFORMATION_FORMAT = dwarf;
				ENABLE_STRICT_OBJC_MSGSEND = YES;
				ENABLE_TESTABILITY = YES;
				GCC_C_LANGUAGE_STANDARD = gnu11;
				GCC_DYNAMIC_NO_PIC = NO;
				GCC_NO_COMMON_BLOCKS = YES;
				GCC_OPTIMIZATION_LEVEL = 0;
				GCC_PREPROCESSOR_DEFINITIONS = (
					"DEBUG=1",
					"$(inherited)",
				);
				GCC_WARN_64_TO_32_BIT_CONVERSION = YES;
				GCC_WARN_ABOUT_RETURN_TYPE = YES_ERROR;
				GCC_WARN_UNDECLARED_SELECTOR = YES;
				GCC_WARN_UNINITIALIZED_AUTOS = YES_AGGRESSIVE;
				GCC_WARN_UNUSED_FUNCTION = YES;
				GCC_WARN_UNUSED_VARIABLE = YES;
				IPHONEOS_DEPLOYMENT_TARGET = 16.4;
				MTL_ENABLE_DEBUG_INFO = INCLUDE_SOURCE;
				MTL_FAST_MATH = YES;
				ONLY_ACTIVE_ARCH = YES;
				SDKROOT = iphoneos;
				SWIFT_ACTIVE_COMPILATION_CONDITIONS = DEBUG;
				SWIFT_OPTIMIZATION_LEVEL = "-Onone";
			};
			name = Debug;
		};
		0555264A2A905ECB0061F5F1 /* Release */ = {
			isa = XCBuildConfiguration;
			buildSettings = {
				ALWAYS_SEARCH_USER_PATHS = NO;
				CLANG_ANALYZER_NONNULL = YES;
				CLANG_ANALYZER_NUMBER_OBJECT_CONVERSION = YES_AGGRESSIVE;
				CLANG_CXX_LANGUAGE_STANDARD = "gnu++20";
				CLANG_ENABLE_MODULES = YES;
				CLANG_ENABLE_OBJC_ARC = YES;
				CLANG_ENABLE_OBJC_WEAK = YES;
				CLANG_WARN_BLOCK_CAPTURE_AUTORELEASING = YES;
				CLANG_WARN_BOOL_CONVERSION = YES;
				CLANG_WARN_COMMA = YES;
				CLANG_WARN_CONSTANT_CONVERSION = YES;
				CLANG_WARN_DEPRECATED_OBJC_IMPLEMENTATIONS = YES;
				CLANG_WARN_DIRECT_OBJC_ISA_USAGE = YES_ERROR;
				CLANG_WARN_DOCUMENTATION_COMMENTS = YES;
				CLANG_WARN_EMPTY_BODY = YES;
				CLANG_WARN_ENUM_CONVERSION = YES;
				CLANG_WARN_INFINITE_RECURSION = YES;
				CLANG_WARN_INT_CONVERSION = YES;
				CLANG_WARN_NON_LITERAL_NULL_CONVERSION = YES;
				CLANG_WARN_OBJC_IMPLICIT_RETAIN_SELF = YES;
				CLANG_WARN_OBJC_LITERAL_CONVERSION = YES;
				CLANG_WARN_OBJC_ROOT_CLASS = YES_ERROR;
				CLANG_WARN_QUOTED_INCLUDE_IN_FRAMEWORK_HEADER = YES;
				CLANG_WARN_RANGE_LOOP_ANALYSIS = YES;
				CLANG_WARN_STRICT_PROTOTYPES = YES;
				CLANG_WARN_SUSPICIOUS_MOVE = YES;
				CLANG_WARN_UNGUARDED_AVAILABILITY = YES_AGGRESSIVE;
				CLANG_WARN_UNREACHABLE_CODE = YES;
				CLANG_WARN__DUPLICATE_METHOD_MATCH = YES;
				COPY_PHASE_STRIP = NO;
				DEBUG_INFORMATION_FORMAT = "dwarf-with-dsym";
				ENABLE_NS_ASSERTIONS = NO;
				ENABLE_STRICT_OBJC_MSGSEND = YES;
				GCC_C_LANGUAGE_STANDARD = gnu11;
				GCC_NO_COMMON_BLOCKS = YES;
				GCC_WARN_64_TO_32_BIT_CONVERSION = YES;
				GCC_WARN_ABOUT_RETURN_TYPE = YES_ERROR;
				GCC_WARN_UNDECLARED_SELECTOR = YES;
				GCC_WARN_UNINITIALIZED_AUTOS = YES_AGGRESSIVE;
				GCC_WARN_UNUSED_FUNCTION = YES;
				GCC_WARN_UNUSED_VARIABLE = YES;
				IPHONEOS_DEPLOYMENT_TARGET = 16.4;
				MTL_ENABLE_DEBUG_INFO = NO;
				MTL_FAST_MATH = YES;
				SDKROOT = iphoneos;
				SWIFT_COMPILATION_MODE = wholemodule;
				SWIFT_OPTIMIZATION_LEVEL = "-O";
				VALIDATE_PRODUCT = YES;
			};
			name = Release;
		};
		0555264C2A905ECB0061F5F1 /* Debug */ = {
			isa = XCBuildConfiguration;
			buildSettings = {
				ASSETCATALOG_COMPILER_APPICON_NAME = AppIcon;
				ASSETCATALOG_COMPILER_GLOBAL_ACCENT_COLOR_NAME = AccentColor;
				CODE_SIGN_STYLE = Automatic;
				CURRENT_PROJECT_VERSION = 1;
				DEVELOPMENT_ASSET_PATHS = "\"L1 Demo/Preview Content\"";
				DEVELOPMENT_TEAM = MV9LG898F6;
				ENABLE_PREVIEWS = YES;
				GENERATE_INFOPLIST_FILE = YES;
				INFOPLIST_KEY_UIApplicationSceneManifest_Generation = YES;
				INFOPLIST_KEY_UIApplicationSupportsIndirectInputEvents = YES;
				INFOPLIST_KEY_UILaunchScreen_Generation = YES;
				INFOPLIST_KEY_UISupportedInterfaceOrientations_iPad = "UIInterfaceOrientationPortrait UIInterfaceOrientationPortraitUpsideDown UIInterfaceOrientationLandscapeLeft UIInterfaceOrientationLandscapeRight";
				INFOPLIST_KEY_UISupportedInterfaceOrientations_iPhone = "UIInterfaceOrientationPortrait UIInterfaceOrientationLandscapeLeft UIInterfaceOrientationLandscapeRight";
				LD_RUNPATH_SEARCH_PATHS = (
					"$(inherited)",
					"@executable_path/Frameworks",
				);
				MARKETING_VERSION = 1.0;
				PRODUCT_BUNDLE_IDENTIFIER = "com.codewithme.L1-Demo";
				PRODUCT_NAME = "$(TARGET_NAME)";
				SWIFT_EMIT_LOC_STRINGS = YES;
				SWIFT_VERSION = 5.0;
				TARGETED_DEVICE_FAMILY = "1,2";
			};
			name = Debug;
		};
		0555264D2A905ECB0061F5F1 /* Release */ = {
			isa = XCBuildConfiguration;
			buildSettings = {
				ASSETCATALOG_COMPILER_APPICON_NAME = AppIcon;
				ASSETCATALOG_COMPILER_GLOBAL_ACCENT_COLOR_NAME = AccentColor;
				CODE_SIGN_STYLE = Automatic;
				CURRENT_PROJECT_VERSION = 1;
				DEVELOPMENT_ASSET_PATHS = "\"L1 Demo/Preview Content\"";
				DEVELOPMENT_TEAM = MV9LG898F6;
				ENABLE_PREVIEWS = YES;
				GENERATE_INFOPLIST_FILE = YES;
				INFOPLIST_KEY_UIApplicationSceneManifest_Generation = YES;
				INFOPLIST_KEY_UIApplicationSupportsIndirectInputEvents = YES;
				INFOPLIST_KEY_UILaunchScreen_Generation = YES;
				INFOPLIST_KEY_UISupportedInterfaceOrientations_iPad = "UIInterfaceOrientationPortrait UIInterfaceOrientationPortraitUpsideDown UIInterfaceOrientationLandscapeLeft UIInterfaceOrientationLandscapeRight";
				INFOPLIST_KEY_UISupportedInterfaceOrientations_iPhone = "UIInterfaceOrientationPortrait UIInterfaceOrientationLandscapeLeft UIInterfaceOrientationLandscapeRight";
				LD_RUNPATH_SEARCH_PATHS = (
					"$(inherited)",
					"@executable_path/Frameworks",
				);
				MARKETING_VERSION = 1.0;
				PRODUCT_BUNDLE_IDENTIFIER = "com.codewithme.L1-Demo";
				PRODUCT_NAME = "$(TARGET_NAME)";
				SWIFT_EMIT_LOC_STRINGS = YES;
				SWIFT_VERSION = 5.0;
				TARGETED_DEVICE_FAMILY = "1,2";
			};
			name = Release;
		};
/* End XCBuildConfiguration section */

/* Begin XCConfigurationList section */
		055526382A905EC90061F5F1 /* Build configuration list for PBXProject "L1 Demo" */ = {
			isa = XCConfigurationList;
			buildConfigurations = (
				055526492A905ECB0061F5F1 /* Debug */,
				0555264A2A905ECB0061F5F1 /* Release */,
			);
			defaultConfigurationIsVisible = 0;
			defaultConfigurationName = Release;
		};
		0555264B2A905ECB0061F5F1 /* Build configuration list for PBXNativeTarget "L1 Demo" */ = {
			isa = XCConfigurationList;
			buildConfigurations = (
				0555264C2A905ECB0061F5F1 /* Debug */,
				0555264D2A905ECB0061F5F1 /* Release */,
			);
			defaultConfigurationIsVisible = 0;
			defaultConfigurationName = Release;
		};
/* End XCConfigurationList section */
	};
	rootObject = 055526352A905EC90061F5F1 /* Project object */;
}
